
Microsoft Visual Studio Solution File, Format Version 12.00
# Visual Studio Version 17
VisualStudioVersion = 17.8.34330.188
MinimumVisualStudioVersion = 10.0.40219.1
Project("{FAE04EC0-301F-11D3-BF4B-00C04F79EFBC}") = "ConsoleApp1", "ConsoleApp1\ConsoleApp1.csproj", "{D53855B0-204A-47AB-96D7-2CCD49F6926D}"
EndProject
Global
	GlobalSection(SolutionConfigurationPlatforms) = preSolution
		Debug|Any CPU = Debug|Any CPU
		Release|Any CPU = Release|Any CPU
	EndGlobalSection
	GlobalSection(ProjectConfigurationPlatforms) = postSolution
		{D53855B0-204A-47AB-96D7-2CCD49F6926D}.Debug|Any CPU.ActiveCfg = Debug|Any CPU
		{D53855B0-204A-47AB-96D7-2CCD49F6926D}.Debug|Any CPU.Build.0 = Debug|Any CPU
		{D53855B0-204A-47AB-96D7-2CCD49F6926D}.Release|Any CPU.ActiveCfg = Release|Any CPU
		{D53855B0-204A-47AB-96D7-2CCD49F6926D}.Release|Any CPU.Build.0 = Release|Any CPU
	EndGlobalSection
	GlobalSection(SolutionProperties) = preSolution
		HideSolutionNode = FALSE
	EndGlobalSection
	GlobalSection(ExtensibilityGlobals) = postSolution
		SolutionGuid = {319E3278-279C-4262-A73B-22F90DAA3636}
	EndGlobalSection
EndGlobal
